
Microsoft Visual Studio Solution File, Format Version 12.00
# Visual Studio 15
Project("{FAE04EC0-301F-11D3-BF4B-00C04F79EFBC}") = "WhaleAPP_Test_Task", "WhaleAPP_Test_Task.csproj", "{A463C60B-32A7-8F91-FEDE-796169640F5B}"
EndProject
Global
	GlobalSection(SolutionConfigurationPlatforms) = preSolution
		Debug|Any CPU = Debug|Any CPU
		Release|Any CPU = Release|Any CPU
	EndGlobalSection
	GlobalSection(ProjectConfigurationPlatforms) = postSolution
		{A463C60B-32A7-8F91-FEDE-796169640F5B}.Debug|Any CPU.ActiveCfg = Debug|Any CPU
		{A463C60B-32A7-8F91-FEDE-796169640F5B}.Debug|Any CPU.Build.0 = Debug|Any CPU
		{A463C60B-32A7-8F91-FEDE-796169640F5B}.Release|Any CPU.ActiveCfg = Release|Any CPU
		{A463C60B-32A7-8F91-FEDE-796169640F5B}.Release|Any CPU.Build.0 = Release|Any CPU
	EndGlobalSection
	GlobalSection(SolutionProperties) = preSolution
		HideSolutionNode = FALSE
	EndGlobalSection
EndGlobal
